
Microsoft Visual Studio Solution File, Format Version 12.00
# Visual Studio 15
VisualStudioVersion = 15.0.28307.271
MinimumVisualStudioVersion = 10.0.40219.1
Project("{9A19103F-16F7-4668-BE54-9A1E7A4F7556}") = "Application", "WebApplication2\Application.csproj", "{F2D93841-6967-43DB-A597-ACAC7471939F}"
EndProject
Project("{2150E333-8FDC-42A3-9474-1A3956D46DE8}") = "WebApplication2", "WebApplication2", "{1DC38CA9-387D-49A6-A6EE-C517F4C008F9}"
EndProject
Global
	GlobalSection(SolutionConfigurationPlatforms) = preSolution
		Debug|Any CPU = Debug|Any CPU
		Release|Any CPU = Release|Any CPU
	EndGlobalSection
	GlobalSection(ProjectConfigurationPlatforms) = postSolution
		{F2D93841-6967-43DB-A597-ACAC7471939F}.Debug|Any CPU.ActiveCfg = Debug|Any CPU
		{F2D93841-6967-43DB-A597-ACAC7471939F}.Debug|Any CPU.Build.0 = Debug|Any CPU
		{F2D93841-6967-43DB-A597-ACAC7471939F}.Release|Any CPU.ActiveCfg = Release|Any CPU
		{F2D93841-6967-43DB-A597-ACAC7471939F}.Release|Any CPU.Build.0 = Release|Any CPU
	EndGlobalSection
	GlobalSection(SolutionProperties) = preSolution
		HideSolutionNode = FALSE
	EndGlobalSection
	GlobalSection(ExtensibilityGlobals) = postSolution
		SolutionGuid = {03767875-95F6-4612-A402-0D35A826B1D9}
	EndGlobalSection
EndGlobal
